
Microsoft Visual Studio Solution File, Format Version 12.00
# Visual Studio Version 16
VisualStudioVersion = 16.0.31019.35
MinimumVisualStudioVersion = 10.0.40219.1
Project("{FAE04EC0-301F-11D3-BF4B-00C04F79EFBC}") = "BasicThread", "BasicThread\BasicThread.csproj", "{39AF03F9-32F8-4F6C-ABC9-6A8D8BFF4F28}"
EndProject
Global
	GlobalSection(SolutionConfigurationPlatforms) = preSolution
		Debug|Any CPU = Debug|Any CPU
		Release|Any CPU = Release|Any CPU
	EndGlobalSection
	GlobalSection(ProjectConfigurationPlatforms) = postSolution
		{39AF03F9-32F8-4F6C-ABC9-6A8D8BFF4F28}.Debug|Any CPU.ActiveCfg = Debug|Any CPU
		{39AF03F9-32F8-4F6C-ABC9-6A8D8BFF4F28}.Debug|Any CPU.Build.0 = Debug|Any CPU
		{39AF03F9-32F8-4F6C-ABC9-6A8D8BFF4F28}.Release|Any CPU.ActiveCfg = Release|Any CPU
		{39AF03F9-32F8-4F6C-ABC9-6A8D8BFF4F28}.Release|Any CPU.Build.0 = Release|Any CPU
	EndGlobalSection
	GlobalSection(SolutionProperties) = preSolution
		HideSolutionNode = FALSE
	EndGlobalSection
	GlobalSection(ExtensibilityGlobals) = postSolution
		SolutionGuid = {604F31B3-EE1D-430F-B42B-E73AEB6772A6}
	EndGlobalSection
EndGlobal
