
Microsoft Visual Studio Solution File, Format Version 12.00
# Visual Studio Version 16
VisualStudioVersion = 16.0.31019.35
MinimumVisualStudioVersion = 10.0.40219.1
Project("{FAE04EC0-301F-11D3-BF4B-00C04F79EFBC}") = "VarmeDrikke", "VarmeDrikke\VarmeDrikke.csproj", "{C940C045-8B95-4AAB-AD17-A4CA5474E607}"
EndProject
Global
	GlobalSection(SolutionConfigurationPlatforms) = preSolution
		Debug|Any CPU = Debug|Any CPU
		Release|Any CPU = Release|Any CPU
	EndGlobalSection
	GlobalSection(ProjectConfigurationPlatforms) = postSolution
		{C940C045-8B95-4AAB-AD17-A4CA5474E607}.Debug|Any CPU.ActiveCfg = Debug|Any CPU
		{C940C045-8B95-4AAB-AD17-A4CA5474E607}.Debug|Any CPU.Build.0 = Debug|Any CPU
		{C940C045-8B95-4AAB-AD17-A4CA5474E607}.Release|Any CPU.ActiveCfg = Release|Any CPU
		{C940C045-8B95-4AAB-AD17-A4CA5474E607}.Release|Any CPU.Build.0 = Release|Any CPU
	EndGlobalSection
	GlobalSection(SolutionProperties) = preSolution
		HideSolutionNode = FALSE
	EndGlobalSection
	GlobalSection(ExtensibilityGlobals) = postSolution
		SolutionGuid = {0576E6AC-D04A-4E11-8D5E-77116E071322}
	EndGlobalSection
EndGlobal
